
Microsoft Visual Studio Solution File, Format Version 12.00
# Visual Studio Version 16
VisualStudioVersion = 16.0.29519.87
MinimumVisualStudioVersion = 10.0.40219.1
Project("{FAE04EC0-301F-11D3-BF4B-00C04F79EFBC}") = "lab01 -PierwszaAplikacja", "PierwszaAplikacja\lab01 -PierwszaAplikacja.csproj", "{87BA73B9-E361-4FEF-9EF8-8487B418BA5A}"
EndProject
Project("{FAE04EC0-301F-11D3-BF4B-00C04F79EFBC}") = "Konsola", "Konsola\Konsola.csproj", "{36554D50-2D39-4896-8E26-4FF699F8E9A7}"
EndProject
Project("{FAE04EC0-301F-11D3-BF4B-00C04F79EFBC}") = "ZmienneTypyDanych", "ZmienneTypyDanych\ZmienneTypyDanych.csproj", "{22E3E100-4499-4663-93B0-4208FBB763D1}"
EndProject
Project("{FAE04EC0-301F-11D3-BF4B-00C04F79EFBC}") = "KonwersjaTypow", "KonwersjaTypow\KonwersjaTypow.csproj", "{ADBB6DDF-D704-4495-949B-F9FE05D0F3E0}"
EndProject
Project("{FAE04EC0-301F-11D3-BF4B-00C04F79EFBC}") = "Operatory", "Operatory\Operatory.csproj", "{8863BE82-95DD-446F-8DA3-21485A5A5A1F}"
EndProject
Project("{FAE04EC0-301F-11D3-BF4B-00C04F79EFBC}") = "InstrukcjaIfElse", "InstrukcjaIfElse\InstrukcjaIfElse.csproj", "{8F18A607-B1E0-4BBA-AE99-4C0966DBD662}"
EndProject
Project("{FAE04EC0-301F-11D3-BF4B-00C04F79EFBC}") = "InstrukcjaSwitch", "InstrukcjaSwitch\InstrukcjaSwitch.csproj", "{20937CB7-E110-418B-813B-5A7DA97C49B6}"
EndProject
Project("{FAE04EC0-301F-11D3-BF4B-00C04F79EFBC}") = "lab06-InstrukcjaIfElse(cwiczenie)", "lab06-InstrukcjaIfElse(cwiczenie)\lab06-InstrukcjaIfElse(cwiczenie).csproj", "{EF8EE984-86D3-4CF0-A57F-A4FD755ADEF9}"
EndProject
Project("{FAE04EC0-301F-11D3-BF4B-00C04F79EFBC}") = "lab08 - DyrektywyPreprocesora", "lab08 - DyrektywyPreprocesora\lab08 - DyrektywyPreprocesora.csproj", "{2856D4DE-3074-4A1D-89EE-D6E49EC98883}"
EndProject
Project("{FAE04EC0-301F-11D3-BF4B-00C04F79EFBC}") = "lab09 - typEnum", "lab09 - typEnum\lab09 - typEnum.csproj", "{D933ED48-2818-411C-888F-593539EFDBED}"
EndProject
Project("{FAE04EC0-301F-11D3-BF4B-00C04F79EFBC}") = "lab10 - typEnumSwitch", "lab10 - typEnumSwitch\lab10 - typEnumSwitch.csproj", "{E767E444-84B6-4A2A-8AEB-B60552BC9980}"
EndProject
Project("{FAE04EC0-301F-11D3-BF4B-00C04F79EFBC}") = "lab10 - typEnumSwitch(cwiczenie)", "lab10 - typEnumSwitch(cwiczenie)\lab10 - typEnumSwitch(cwiczenie).csproj", "{31263AC5-ED52-4879-9B51-B26700ADE551}"
EndProject
Project("{FAE04EC0-301F-11D3-BF4B-00C04F79EFBC}") = "lab11 - Metody", "lab11 - Metody\lab11 - Metody.csproj", "{A3CC337D-880D-4C9D-A6DB-D55526962EB2}"
EndProject
Project("{FAE04EC0-301F-11D3-BF4B-00C04F79EFBC}") = "lab12 - Petle", "lab12 - Petle\lab12 - Petle.csproj", "{19C7CC2C-4FFF-4452-B4B7-B37FCE6618F0}"
EndProject
Project("{FAE04EC0-301F-11D3-BF4B-00C04F79EFBC}") = "lab13 - Tablice", "lab13 - Tablice\lab13 - Tablice.csproj", "{5077E06A-6541-47D5-A7D5-46CB5C1B0F82}"
EndProject
Project("{FAE04EC0-301F-11D3-BF4B-00C04F79EFBC}") = "lab14 - TabliceDwuwymiarowe", "lab14 - TabliceDwuwymiarowe\lab14 - TabliceDwuwymiarowe.csproj", "{ABFB0FE8-B86F-46D2-85D4-97ED384D82DC}"
EndProject
Project("{FAE04EC0-301F-11D3-BF4B-00C04F79EFBC}") = "lab15 - ListaString", "lab15 - ListaString\lab15 - ListaString.csproj", "{D34DAC2E-7ECD-4A30-A168-D11568ED798D}"
EndProject
Project("{FAE04EC0-301F-11D3-BF4B-00C04F79EFBC}") = "lab16 - Tuple", "lab16 - Tuple\lab16 - Tuple.csproj", "{53AD30FF-FF12-4459-8E04-0CB1FF0B5F29}"
EndProject
Project("{FAE04EC0-301F-11D3-BF4B-00C04F79EFBC}") = "lab17 - ParametryMetod", "lab17 - ParametryMetod\lab17 - ParametryMetod.csproj", "{B918526A-68AE-437A-B71C-C6C2DAA28539}"
EndProject
Project("{FAE04EC0-301F-11D3-BF4B-00C04F79EFBC}") = "lab19 - Klasa", "lab19 - Klasa\lab19 - Klasa.csproj", "{0ADBB76F-0A08-49B1-974F-3E50E81AD008}"
EndProject
Project("{FAE04EC0-301F-11D3-BF4B-00C04F79EFBC}") = "lab19 -Klasa (Cwiczenie)", "lab19 -Klasa (Cwiczenie)\lab19 -Klasa (Cwiczenie).csproj", "{0FDBD5A9-1C1B-4DD8-BE33-36683E77383D}"
EndProject
Project("{FAE04EC0-301F-11D3-BF4B-00C04F79EFBC}") = "lab20 - KlasaMetody", "lab20 - KlasaMetody\lab20 - KlasaMetody.csproj", "{D541DE2D-C516-4608-9C3C-6280A6FE9BED}"
EndProject
Project("{FAE04EC0-301F-11D3-BF4B-00C04F79EFBC}") = "lab20 - KlasaMetody(cwiczenia)", "lab20 - KlasaMetody(cwiczenia)\lab20 - KlasaMetody(cwiczenia).csproj", "{6BF9AB59-7DA9-46A8-B395-070AC15323C8}"
EndProject
Project("{FAE04EC0-301F-11D3-BF4B-00C04F79EFBC}") = "lab21 - KlasaKonstruktor", "lab21 - KlasaKonstruktor\lab21 - KlasaKonstruktor.csproj", "{DAAAD69C-0F2F-4CAC-AD89-D9B53F75A5ED}"
EndProject
Project("{FAE04EC0-301F-11D3-BF4B-00C04F79EFBC}") = "lab21 - KlasaKonstruktor (cwiczenie1)", "lab21 - KlasaKonstruktor (cwiczenie1)\lab21 - KlasaKonstruktor (cwiczenie1).csproj", "{1178D627-3976-4120-9DDE-BF19894407FD}"
EndProject
Project("{FAE04EC0-301F-11D3-BF4B-00C04F79EFBC}") = "lab21 - KlasaKonstruktor (cwiczenie2)", "lab21 - KlasaKonstruktor (cwiczenie2)\lab21 - KlasaKonstruktor (cwiczenie2).csproj", "{E0F8D4F6-02A0-488B-AAA9-2090F54E8952}"
EndProject
Project("{FAE04EC0-301F-11D3-BF4B-00C04F79EFBC}") = "lab21 - KlasaKostruktor (cwiczenie3)", "lab22 - KlasaKostruktor (cwiczenie3)\lab21 - KlasaKostruktor (cwiczenie3).csproj", "{378BB77C-BF4B-422D-91F3-4A8153957C0E}"
EndProject
Project("{FAE04EC0-301F-11D3-BF4B-00C04F79EFBC}") = "lab22 - KlasaWlasciwosci", "lab22 - KlasaWlasciwosci\lab22 - KlasaWlasciwosci.csproj", "{8F6E70D2-476D-453B-8C14-862EA835F3BC}"
EndProject
Project("{FAE04EC0-301F-11D3-BF4B-00C04F79EFBC}") = "lab22 - KlasaWlasciwosci (cwiczenie)", "lab22 - KlasaWlasciwosci (cwiczenie)\lab22 - KlasaWlasciwosci (cwiczenie).csproj", "{0DC10BC1-2798-4A74-BDED-9F0A0007A6EF}"
EndProject
Project("{FAE04EC0-301F-11D3-BF4B-00C04F79EFBC}") = "lab23 - KlasaDziedziczenie", "lab23 - KlasaDziedziczenie\lab23 - KlasaDziedziczenie.csproj", "{D1AD9A3D-34E7-4A62-A7DF-4C1AA0717148}"
EndProject
Project("{FAE04EC0-301F-11D3-BF4B-00C04F79EFBC}") = "lab24 - KlasaAbstracyjna", "lab24 - KlasaAbstracyjna\lab24 - KlasaAbstracyjna.csproj", "{1F46BECA-A052-4F6B-9D50-068EDDA54059}"
EndProject
Project("{FAE04EC0-301F-11D3-BF4B-00C04F79EFBC}") = "lab24 - KlasaAbstrakcyjna(Cwiczenie)", "lab23 - KlasaAbstrakcyjna(Cwiczenie)\lab24 - KlasaAbstrakcyjna(Cwiczenie).csproj", "{AA295F85-150C-402B-AD6D-DAF429935329}"
EndProject
Project("{FAE04EC0-301F-11D3-BF4B-00C04F79EFBC}") = "lab25 - KlasaStatyczna", "lab25 - KlasaStatyczna\lab25 - KlasaStatyczna.csproj", "{C6BDE4B0-7D3B-482D-A506-449084629911}"
EndProject
Project("{FAE04EC0-301F-11D3-BF4B-00C04F79EFBC}") = "lab26 - KlasaStatycznaPole", "26lab - KlasaStatycznaPole\lab26 - KlasaStatycznaPole.csproj", "{9CC35966-CABE-4457-BE68-15AC205A1F6C}"
EndProject
Project("{FAE04EC0-301F-11D3-BF4B-00C04F79EFBC}") = "lab27 - KlasaSealed", "lab27 - KlasaSealed\lab27 - KlasaSealed.csproj", "{97491447-0B30-4846-8629-E0BFBBFCAA31}"
EndProject
Project("{FAE04EC0-301F-11D3-BF4B-00C04F79EFBC}") = "lab28 - Interfejsy", "lab28 - Interfejsy\lab28 - Interfejsy.csproj", "{0D9F88C7-6B7A-4437-9B44-0E0488B4023D}"
EndProject
Project("{FAE04EC0-301F-11D3-BF4B-00C04F79EFBC}") = "lab28 - Interfejsy(Cwiczenie)", "lab28 - Interfejsy(Cwiczenie)\lab28 - Interfejsy(Cwiczenie).csproj", "{8924BBD8-3961-466F-80CF-C7DE05D88762}"
EndProject
Project("{FAE04EC0-301F-11D3-BF4B-00C04F79EFBC}") = "lab29 - KonstruktorKopiujacy", "lab29 - KonstruktorKopiujacy\lab29 - KonstruktorKopiujacy.csproj", "{8450D98B-2255-4EDF-976C-A98F3339828B}"
EndProject
Project("{FAE04EC0-301F-11D3-BF4B-00C04F79EFBC}") = "lab30 - MetodyParams", "lab30 - MetodyParams\lab30 - MetodyParams.csproj", "{DD8EA7A4-66A8-409B-8DBA-91102601632E}"
EndProject
Project("{FAE04EC0-301F-11D3-BF4B-00C04F79EFBC}") = "lab31 - MetodyRozszerzajace", "lab31 - MetodyRozszerzajace\lab31 - MetodyRozszerzajace.csproj", "{14225A93-CC46-4EFC-BB3D-364E761B32F6}"
EndProject
Project("{FAE04EC0-301F-11D3-BF4B-00C04F79EFBC}") = "lab31 - MetodyRozszerzajace(Cwiczenie)", "lab31 - MetodyRozszerzajace(Cwiczenie)\lab31 - MetodyRozszerzajace(Cwiczenie).csproj", "{7B2E77BD-1A51-4DBA-9B15-03E9C7BA36CB}"
EndProject
Project("{FAE04EC0-301F-11D3-BF4B-00C04F79EFBC}") = "lab32 - PlikZapis", "lab32 - PlikZapisa\lab32 - PlikZapis.csproj", "{08A9BA2E-1592-4ECF-9719-C57E96561B35}"
EndProject
Project("{FAE04EC0-301F-11D3-BF4B-00C04F79EFBC}") = "lab33 - PlikOdczyt", "lab33 - PlikOdczyt\lab33 - PlikOdczyt.csproj", "{6A2B9E41-E399-4EE4-81C4-11E26E2FCE32}"
EndProject
Project("{FAE04EC0-301F-11D3-BF4B-00C04F79EFBC}") = "lab34 - DB", "lab34 - DB\lab34 - DB.csproj", "{F64055E3-4CCF-491E-A6BF-AD4BD03EC7EE}"
EndProject
Project("{FAE04EC0-301F-11D3-BF4B-00C04F79EFBC}") = "lab35 - LinqStrings", "lab 35 - LinqStrings\lab35 - LinqStrings.csproj", "{94CA9122-E7BD-4B19-8D78-C1D088E6AA8A}"
EndProject
Project("{FAE04EC0-301F-11D3-BF4B-00C04F79EFBC}") = "lab36 - LinqNumbers", "lab36 - LinqNumbers\lab36 - LinqNumbers.csproj", "{16ED7B47-6937-4CBA-AFF3-7A1637EB7C7C}"
EndProject
Project("{FAE04EC0-301F-11D3-BF4B-00C04F79EFBC}") = "lab37 - LinqSingleResult", "lab37 - LinqSingleResult\lab37 - LinqSingleResult.csproj", "{1ADB3400-0F23-4ED8-91A3-327B6EC2554D}"
EndProject
Project("{FAE04EC0-301F-11D3-BF4B-00C04F79EFBC}") = "lab38 - Entity", "lsb38 - Entity\lab38 - Entity.csproj", "{A6AC5A9E-0495-4595-BB28-B20E803B4A80}"
EndProject
Project("{FAE04EC0-301F-11D3-BF4B-00C04F79EFBC}") = "lab39 - TestyJednostkowe", "lab39 - TestyJednostkowe\lab39 - TestyJednostkowe.csproj", "{0B292FC0-227F-4719-B747-AE301C41E081}"
EndProject
Project("{FAE04EC0-301F-11D3-BF4B-00C04F79EFBC}") = "lab39 - TestyJednostkoweTest", "39 - TestyJednostkoweTest\lab39 - TestyJednostkoweTest.csproj", "{4348A0D2-F715-4B41-8E28-E49C920D7AE4}"
EndProject
Project("{FAE04EC0-301F-11D3-BF4B-00C04F79EFBC}") = "lab40 - Watki", "lab40 - Watki\lab40 - Watki.csproj", "{F475B074-7234-4BF8-8871-34ADDEE86826}"
EndProject
Project("{FAE04EC0-301F-11D3-BF4B-00C04F79EFBC}") = "lab41 - WindowsForms", "lab41 - WindowsForms\lab41 - WindowsForms.csproj", "{C0ADE236-D726-4603-B261-0FC06863A11A}"
EndProject
Global
	GlobalSection(SolutionConfigurationPlatforms) = preSolution
		Debug|Any CPU = Debug|Any CPU
		Release|Any CPU = Release|Any CPU
	EndGlobalSection
	GlobalSection(ProjectConfigurationPlatforms) = postSolution
		{87BA73B9-E361-4FEF-9EF8-8487B418BA5A}.Debug|Any CPU.ActiveCfg = Debug|Any CPU
		{87BA73B9-E361-4FEF-9EF8-8487B418BA5A}.Debug|Any CPU.Build.0 = Debug|Any CPU
		{87BA73B9-E361-4FEF-9EF8-8487B418BA5A}.Release|Any CPU.ActiveCfg = Release|Any CPU
		{87BA73B9-E361-4FEF-9EF8-8487B418BA5A}.Release|Any CPU.Build.0 = Release|Any CPU
		{36554D50-2D39-4896-8E26-4FF699F8E9A7}.Debug|Any CPU.ActiveCfg = Debug|Any CPU
		{36554D50-2D39-4896-8E26-4FF699F8E9A7}.Debug|Any CPU.Build.0 = Debug|Any CPU
		{36554D50-2D39-4896-8E26-4FF699F8E9A7}.Release|Any CPU.ActiveCfg = Release|Any CPU
		{36554D50-2D39-4896-8E26-4FF699F8E9A7}.Release|Any CPU.Build.0 = Release|Any CPU
		{22E3E100-4499-4663-93B0-4208FBB763D1}.Debug|Any CPU.ActiveCfg = Debug|Any CPU
		{22E3E100-4499-4663-93B0-4208FBB763D1}.Debug|Any CPU.Build.0 = Debug|Any CPU
		{22E3E100-4499-4663-93B0-4208FBB763D1}.Release|Any CPU.ActiveCfg = Release|Any CPU
		{22E3E100-4499-4663-93B0-4208FBB763D1}.Release|Any CPU.Build.0 = Release|Any CPU
		{ADBB6DDF-D704-4495-949B-F9FE05D0F3E0}.Debug|Any CPU.ActiveCfg = Debug|Any CPU
		{ADBB6DDF-D704-4495-949B-F9FE05D0F3E0}.Debug|Any CPU.Build.0 = Debug|Any CPU
		{ADBB6DDF-D704-4495-949B-F9FE05D0F3E0}.Release|Any CPU.ActiveCfg = Release|Any CPU
		{ADBB6DDF-D704-4495-949B-F9FE05D0F3E0}.Release|Any CPU.Build.0 = Release|Any CPU
		{8863BE82-95DD-446F-8DA3-21485A5A5A1F}.Debug|Any CPU.ActiveCfg = Debug|Any CPU
		{8863BE82-95DD-446F-8DA3-21485A5A5A1F}.Debug|Any CPU.Build.0 = Debug|Any CPU
		{8863BE82-95DD-446F-8DA3-21485A5A5A1F}.Release|Any CPU.ActiveCfg = Release|Any CPU
		{8863BE82-95DD-446F-8DA3-21485A5A5A1F}.Release|Any CPU.Build.0 = Release|Any CPU
		{8F18A607-B1E0-4BBA-AE99-4C0966DBD662}.Debug|Any CPU.ActiveCfg = Debug|Any CPU
		{8F18A607-B1E0-4BBA-AE99-4C0966DBD662}.Debug|Any CPU.Build.0 = Debug|Any CPU
		{8F18A607-B1E0-4BBA-AE99-4C0966DBD662}.Release|Any CPU.ActiveCfg = Release|Any CPU
		{8F18A607-B1E0-4BBA-AE99-4C0966DBD662}.Release|Any CPU.Build.0 = Release|Any CPU
		{20937CB7-E110-418B-813B-5A7DA97C49B6}.Debug|Any CPU.ActiveCfg = Debug|Any CPU
		{20937CB7-E110-418B-813B-5A7DA97C49B6}.Debug|Any CPU.Build.0 = Debug|Any CPU
		{20937CB7-E110-418B-813B-5A7DA97C49B6}.Release|Any CPU.ActiveCfg = Release|Any CPU
		{20937CB7-E110-418B-813B-5A7DA97C49B6}.Release|Any CPU.Build.0 = Release|Any CPU
		{EF8EE984-86D3-4CF0-A57F-A4FD755ADEF9}.Debug|Any CPU.ActiveCfg = Debug|Any CPU
		{EF8EE984-86D3-4CF0-A57F-A4FD755ADEF9}.Debug|Any CPU.Build.0 = Debug|Any CPU
		{EF8EE984-86D3-4CF0-A57F-A4FD755ADEF9}.Release|Any CPU.ActiveCfg = Release|Any CPU
		{EF8EE984-86D3-4CF0-A57F-A4FD755ADEF9}.Release|Any CPU.Build.0 = Release|Any CPU
		{2856D4DE-3074-4A1D-89EE-D6E49EC98883}.Debug|Any CPU.ActiveCfg = Debug|Any CPU
		{2856D4DE-3074-4A1D-89EE-D6E49EC98883}.Debug|Any CPU.Build.0 = Debug|Any CPU
		{2856D4DE-3074-4A1D-89EE-D6E49EC98883}.Release|Any CPU.ActiveCfg = Release|Any CPU
		{2856D4DE-3074-4A1D-89EE-D6E49EC98883}.Release|Any CPU.Build.0 = Release|Any CPU
		{D933ED48-2818-411C-888F-593539EFDBED}.Debug|Any CPU.ActiveCfg = Debug|Any CPU
		{D933ED48-2818-411C-888F-593539EFDBED}.Debug|Any CPU.Build.0 = Debug|Any CPU
		{D933ED48-2818-411C-888F-593539EFDBED}.Release|Any CPU.ActiveCfg = Release|Any CPU
		{D933ED48-2818-411C-888F-593539EFDBED}.Release|Any CPU.Build.0 = Release|Any CPU
		{E767E444-84B6-4A2A-8AEB-B60552BC9980}.Debug|Any CPU.ActiveCfg = Debug|Any CPU
		{E767E444-84B6-4A2A-8AEB-B60552BC9980}.Debug|Any CPU.Build.0 = Debug|Any CPU
		{E767E444-84B6-4A2A-8AEB-B60552BC9980}.Release|Any CPU.ActiveCfg = Release|Any CPU
		{E767E444-84B6-4A2A-8AEB-B60552BC9980}.Release|Any CPU.Build.0 = Release|Any CPU
		{31263AC5-ED52-4879-9B51-B26700ADE551}.Debug|Any CPU.ActiveCfg = Debug|Any CPU
		{31263AC5-ED52-4879-9B51-B26700ADE551}.Debug|Any CPU.Build.0 = Debug|Any CPU
		{31263AC5-ED52-4879-9B51-B26700ADE551}.Release|Any CPU.ActiveCfg = Release|Any CPU
		{31263AC5-ED52-4879-9B51-B26700ADE551}.Release|Any CPU.Build.0 = Release|Any CPU
		{A3CC337D-880D-4C9D-A6DB-D55526962EB2}.Debug|Any CPU.ActiveCfg = Debug|Any CPU
		{A3CC337D-880D-4C9D-A6DB-D55526962EB2}.Debug|Any CPU.Build.0 = Debug|Any CPU
		{A3CC337D-880D-4C9D-A6DB-D55526962EB2}.Release|Any CPU.ActiveCfg = Release|Any CPU
		{A3CC337D-880D-4C9D-A6DB-D55526962EB2}.Release|Any CPU.Build.0 = Release|Any CPU
		{19C7CC2C-4FFF-4452-B4B7-B37FCE6618F0}.Debug|Any CPU.ActiveCfg = Debug|Any CPU
		{19C7CC2C-4FFF-4452-B4B7-B37FCE6618F0}.Debug|Any CPU.Build.0 = Debug|Any CPU
		{19C7CC2C-4FFF-4452-B4B7-B37FCE6618F0}.Release|Any CPU.ActiveCfg = Release|Any CPU
		{19C7CC2C-4FFF-4452-B4B7-B37FCE6618F0}.Release|Any CPU.Build.0 = Release|Any CPU
		{5077E06A-6541-47D5-A7D5-46CB5C1B0F82}.Debug|Any CPU.ActiveCfg = Debug|Any CPU
		{5077E06A-6541-47D5-A7D5-46CB5C1B0F82}.Debug|Any CPU.Build.0 = Debug|Any CPU
		{5077E06A-6541-47D5-A7D5-46CB5C1B0F82}.Release|Any CPU.ActiveCfg = Release|Any CPU
		{5077E06A-6541-47D5-A7D5-46CB5C1B0F82}.Release|Any CPU.Build.0 = Release|Any CPU
		{ABFB0FE8-B86F-46D2-85D4-97ED384D82DC}.Debug|Any CPU.ActiveCfg = Debug|Any CPU
		{ABFB0FE8-B86F-46D2-85D4-97ED384D82DC}.Debug|Any CPU.Build.0 = Debug|Any CPU
		{ABFB0FE8-B86F-46D2-85D4-97ED384D82DC}.Release|Any CPU.ActiveCfg = Release|Any CPU
		{ABFB0FE8-B86F-46D2-85D4-97ED384D82DC}.Release|Any CPU.Build.0 = Release|Any CPU
		{D34DAC2E-7ECD-4A30-A168-D11568ED798D}.Debug|Any CPU.ActiveCfg = Debug|Any CPU
		{D34DAC2E-7ECD-4A30-A168-D11568ED798D}.Debug|Any CPU.Build.0 = Debug|Any CPU
		{D34DAC2E-7ECD-4A30-A168-D11568ED798D}.Release|Any CPU.ActiveCfg = Release|Any CPU
		{D34DAC2E-7ECD-4A30-A168-D11568ED798D}.Release|Any CPU.Build.0 = Release|Any CPU
		{53AD30FF-FF12-4459-8E04-0CB1FF0B5F29}.Debug|Any CPU.ActiveCfg = Debug|Any CPU
		{53AD30FF-FF12-4459-8E04-0CB1FF0B5F29}.Debug|Any CPU.Build.0 = Debug|Any CPU
		{53AD30FF-FF12-4459-8E04-0CB1FF0B5F29}.Release|Any CPU.ActiveCfg = Release|Any CPU
		{53AD30FF-FF12-4459-8E04-0CB1FF0B5F29}.Release|Any CPU.Build.0 = Release|Any CPU
		{B918526A-68AE-437A-B71C-C6C2DAA28539}.Debug|Any CPU.ActiveCfg = Debug|Any CPU
		{B918526A-68AE-437A-B71C-C6C2DAA28539}.Debug|Any CPU.Build.0 = Debug|Any CPU
		{B918526A-68AE-437A-B71C-C6C2DAA28539}.Release|Any CPU.ActiveCfg = Release|Any CPU
		{B918526A-68AE-437A-B71C-C6C2DAA28539}.Release|Any CPU.Build.0 = Release|Any CPU
		{0ADBB76F-0A08-49B1-974F-3E50E81AD008}.Debug|Any CPU.ActiveCfg = Debug|Any CPU
		{0ADBB76F-0A08-49B1-974F-3E50E81AD008}.Debug|Any CPU.Build.0 = Debug|Any CPU
		{0ADBB76F-0A08-49B1-974F-3E50E81AD008}.Release|Any CPU.ActiveCfg = Release|Any CPU
		{0ADBB76F-0A08-49B1-974F-3E50E81AD008}.Release|Any CPU.Build.0 = Release|Any CPU
		{0FDBD5A9-1C1B-4DD8-BE33-36683E77383D}.Debug|Any CPU.ActiveCfg = Debug|Any CPU
		{0FDBD5A9-1C1B-4DD8-BE33-36683E77383D}.Debug|Any CPU.Build.0 = Debug|Any CPU
		{0FDBD5A9-1C1B-4DD8-BE33-36683E77383D}.Release|Any CPU.ActiveCfg = Release|Any CPU
		{0FDBD5A9-1C1B-4DD8-BE33-36683E77383D}.Release|Any CPU.Build.0 = Release|Any CPU
		{D541DE2D-C516-4608-9C3C-6280A6FE9BED}.Debug|Any CPU.ActiveCfg = Debug|Any CPU
		{D541DE2D-C516-4608-9C3C-6280A6FE9BED}.Debug|Any CPU.Build.0 = Debug|Any CPU
		{D541DE2D-C516-4608-9C3C-6280A6FE9BED}.Release|Any CPU.ActiveCfg = Release|Any CPU
		{D541DE2D-C516-4608-9C3C-6280A6FE9BED}.Release|Any CPU.Build.0 = Release|Any CPU
		{6BF9AB59-7DA9-46A8-B395-070AC15323C8}.Debug|Any CPU.ActiveCfg = Debug|Any CPU
		{6BF9AB59-7DA9-46A8-B395-070AC15323C8}.Debug|Any CPU.Build.0 = Debug|Any CPU
		{6BF9AB59-7DA9-46A8-B395-070AC15323C8}.Release|Any CPU.ActiveCfg = Release|Any CPU
		{6BF9AB59-7DA9-46A8-B395-070AC15323C8}.Release|Any CPU.Build.0 = Release|Any CPU
		{DAAAD69C-0F2F-4CAC-AD89-D9B53F75A5ED}.Debug|Any CPU.ActiveCfg = Debug|Any CPU
		{DAAAD69C-0F2F-4CAC-AD89-D9B53F75A5ED}.Debug|Any CPU.Build.0 = Debug|Any CPU
		{DAAAD69C-0F2F-4CAC-AD89-D9B53F75A5ED}.Release|Any CPU.ActiveCfg = Release|Any CPU
		{DAAAD69C-0F2F-4CAC-AD89-D9B53F75A5ED}.Release|Any CPU.Build.0 = Release|Any CPU
		{1178D627-3976-4120-9DDE-BF19894407FD}.Debug|Any CPU.ActiveCfg = Debug|Any CPU
		{1178D627-3976-4120-9DDE-BF19894407FD}.Debug|Any CPU.Build.0 = Debug|Any CPU
		{1178D627-3976-4120-9DDE-BF19894407FD}.Release|Any CPU.ActiveCfg = Release|Any CPU
		{1178D627-3976-4120-9DDE-BF19894407FD}.Release|Any CPU.Build.0 = Release|Any CPU
		{E0F8D4F6-02A0-488B-AAA9-2090F54E8952}.Debug|Any CPU.ActiveCfg = Debug|Any CPU
		{E0F8D4F6-02A0-488B-AAA9-2090F54E8952}.Debug|Any CPU.Build.0 = Debug|Any CPU
		{E0F8D4F6-02A0-488B-AAA9-2090F54E8952}.Release|Any CPU.ActiveCfg = Release|Any CPU
		{E0F8D4F6-02A0-488B-AAA9-2090F54E8952}.Release|Any CPU.Build.0 = Release|Any CPU
		{378BB77C-BF4B-422D-91F3-4A8153957C0E}.Debug|Any CPU.ActiveCfg = Debug|Any CPU
		{378BB77C-BF4B-422D-91F3-4A8153957C0E}.Debug|Any CPU.Build.0 = Debug|Any CPU
		{378BB77C-BF4B-422D-91F3-4A8153957C0E}.Release|Any CPU.ActiveCfg = Release|Any CPU
		{378BB77C-BF4B-422D-91F3-4A8153957C0E}.Release|Any CPU.Build.0 = Release|Any CPU
		{8F6E70D2-476D-453B-8C14-862EA835F3BC}.Debug|Any CPU.ActiveCfg = Debug|Any CPU
		{8F6E70D2-476D-453B-8C14-862EA835F3BC}.Debug|Any CPU.Build.0 = Debug|Any CPU
		{8F6E70D2-476D-453B-8C14-862EA835F3BC}.Release|Any CPU.ActiveCfg = Release|Any CPU
		{8F6E70D2-476D-453B-8C14-862EA835F3BC}.Release|Any CPU.Build.0 = Release|Any CPU
		{0DC10BC1-2798-4A74-BDED-9F0A0007A6EF}.Debug|Any CPU.ActiveCfg = Debug|Any CPU
		{0DC10BC1-2798-4A74-BDED-9F0A0007A6EF}.Debug|Any CPU.Build.0 = Debug|Any CPU
		{0DC10BC1-2798-4A74-BDED-9F0A0007A6EF}.Release|Any CPU.ActiveCfg = Release|Any CPU
		{0DC10BC1-2798-4A74-BDED-9F0A0007A6EF}.Release|Any CPU.Build.0 = Release|Any CPU
		{D1AD9A3D-34E7-4A62-A7DF-4C1AA0717148}.Debug|Any CPU.ActiveCfg = Debug|Any CPU
		{D1AD9A3D-34E7-4A62-A7DF-4C1AA0717148}.Debug|Any CPU.Build.0 = Debug|Any CPU
		{D1AD9A3D-34E7-4A62-A7DF-4C1AA0717148}.Release|Any CPU.ActiveCfg = Release|Any CPU
		{D1AD9A3D-34E7-4A62-A7DF-4C1AA0717148}.Release|Any CPU.Build.0 = Release|Any CPU
		{1F46BECA-A052-4F6B-9D50-068EDDA54059}.Debug|Any CPU.ActiveCfg = Debug|Any CPU
		{1F46BECA-A052-4F6B-9D50-068EDDA54059}.Debug|Any CPU.Build.0 = Debug|Any CPU
		{1F46BECA-A052-4F6B-9D50-068EDDA54059}.Release|Any CPU.ActiveCfg = Release|Any CPU
		{1F46BECA-A052-4F6B-9D50-068EDDA54059}.Release|Any CPU.Build.0 = Release|Any CPU
		{AA295F85-150C-402B-AD6D-DAF429935329}.Debug|Any CPU.ActiveCfg = Debug|Any CPU
		{AA295F85-150C-402B-AD6D-DAF429935329}.Debug|Any CPU.Build.0 = Debug|Any CPU
		{AA295F85-150C-402B-AD6D-DAF429935329}.Release|Any CPU.ActiveCfg = Release|Any CPU
		{AA295F85-150C-402B-AD6D-DAF429935329}.Release|Any CPU.Build.0 = Release|Any CPU
		{C6BDE4B0-7D3B-482D-A506-449084629911}.Debug|Any CPU.ActiveCfg = Debug|Any CPU
		{C6BDE4B0-7D3B-482D-A506-449084629911}.Debug|Any CPU.Build.0 = Debug|Any CPU
		{C6BDE4B0-7D3B-482D-A506-449084629911}.Release|Any CPU.ActiveCfg = Release|Any CPU
		{C6BDE4B0-7D3B-482D-A506-449084629911}.Release|Any CPU.Build.0 = Release|Any CPU
		{9CC35966-CABE-4457-BE68-15AC205A1F6C}.Debug|Any CPU.ActiveCfg = Debug|Any CPU
		{9CC35966-CABE-4457-BE68-15AC205A1F6C}.Debug|Any CPU.Build.0 = Debug|Any CPU
		{9CC35966-CABE-4457-BE68-15AC205A1F6C}.Release|Any CPU.ActiveCfg = Release|Any CPU
		{9CC35966-CABE-4457-BE68-15AC205A1F6C}.Release|Any CPU.Build.0 = Release|Any CPU
		{97491447-0B30-4846-8629-E0BFBBFCAA31}.Debug|Any CPU.ActiveCfg = Debug|Any CPU
		{97491447-0B30-4846-8629-E0BFBBFCAA31}.Debug|Any CPU.Build.0 = Debug|Any CPU
		{97491447-0B30-4846-8629-E0BFBBFCAA31}.Release|Any CPU.ActiveCfg = Release|Any CPU
		{97491447-0B30-4846-8629-E0BFBBFCAA31}.Release|Any CPU.Build.0 = Release|Any CPU
		{0D9F88C7-6B7A-4437-9B44-0E0488B4023D}.Debug|Any CPU.ActiveCfg = Debug|Any CPU
		{0D9F88C7-6B7A-4437-9B44-0E0488B4023D}.Debug|Any CPU.Build.0 = Debug|Any CPU
		{0D9F88C7-6B7A-4437-9B44-0E0488B4023D}.Release|Any CPU.ActiveCfg = Release|Any CPU
		{0D9F88C7-6B7A-4437-9B44-0E0488B4023D}.Release|Any CPU.Build.0 = Release|Any CPU
		{8924BBD8-3961-466F-80CF-C7DE05D88762}.Debug|Any CPU.ActiveCfg = Debug|Any CPU
		{8924BBD8-3961-466F-80CF-C7DE05D88762}.Debug|Any CPU.Build.0 = Debug|Any CPU
		{8924BBD8-3961-466F-80CF-C7DE05D88762}.Release|Any CPU.ActiveCfg = Release|Any CPU
		{8924BBD8-3961-466F-80CF-C7DE05D88762}.Release|Any CPU.Build.0 = Release|Any CPU
		{8450D98B-2255-4EDF-976C-A98F3339828B}.Debug|Any CPU.ActiveCfg = Debug|Any CPU
		{8450D98B-2255-4EDF-976C-A98F3339828B}.Debug|Any CPU.Build.0 = Debug|Any CPU
		{8450D98B-2255-4EDF-976C-A98F3339828B}.Release|Any CPU.ActiveCfg = Release|Any CPU
		{8450D98B-2255-4EDF-976C-A98F3339828B}.Release|Any CPU.Build.0 = Release|Any CPU
		{DD8EA7A4-66A8-409B-8DBA-91102601632E}.Debug|Any CPU.ActiveCfg = Debug|Any CPU
		{DD8EA7A4-66A8-409B-8DBA-91102601632E}.Debug|Any CPU.Build.0 = Debug|Any CPU
		{DD8EA7A4-66A8-409B-8DBA-91102601632E}.Release|Any CPU.ActiveCfg = Release|Any CPU
		{DD8EA7A4-66A8-409B-8DBA-91102601632E}.Release|Any CPU.Build.0 = Release|Any CPU
		{14225A93-CC46-4EFC-BB3D-364E761B32F6}.Debug|Any CPU.ActiveCfg = Debug|Any CPU
		{14225A93-CC46-4EFC-BB3D-364E761B32F6}.Debug|Any CPU.Build.0 = Debug|Any CPU
		{14225A93-CC46-4EFC-BB3D-364E761B32F6}.Release|Any CPU.ActiveCfg = Release|Any CPU
		{14225A93-CC46-4EFC-BB3D-364E761B32F6}.Release|Any CPU.Build.0 = Release|Any CPU
		{7B2E77BD-1A51-4DBA-9B15-03E9C7BA36CB}.Debug|Any CPU.ActiveCfg = Debug|Any CPU
		{7B2E77BD-1A51-4DBA-9B15-03E9C7BA36CB}.Debug|Any CPU.Build.0 = Debug|Any CPU
		{7B2E77BD-1A51-4DBA-9B15-03E9C7BA36CB}.Release|Any CPU.ActiveCfg = Release|Any CPU
		{7B2E77BD-1A51-4DBA-9B15-03E9C7BA36CB}.Release|Any CPU.Build.0 = Release|Any CPU
		{08A9BA2E-1592-4ECF-9719-C57E96561B35}.Debug|Any CPU.ActiveCfg = Debug|Any CPU
		{08A9BA2E-1592-4ECF-9719-C57E96561B35}.Debug|Any CPU.Build.0 = Debug|Any CPU
		{08A9BA2E-1592-4ECF-9719-C57E96561B35}.Release|Any CPU.ActiveCfg = Release|Any CPU
		{08A9BA2E-1592-4ECF-9719-C57E96561B35}.Release|Any CPU.Build.0 = Release|Any CPU
		{6A2B9E41-E399-4EE4-81C4-11E26E2FCE32}.Debug|Any CPU.ActiveCfg = Debug|Any CPU
		{6A2B9E41-E399-4EE4-81C4-11E26E2FCE32}.Debug|Any CPU.Build.0 = Debug|Any CPU
		{6A2B9E41-E399-4EE4-81C4-11E26E2FCE32}.Release|Any CPU.ActiveCfg = Release|Any CPU
		{6A2B9E41-E399-4EE4-81C4-11E26E2FCE32}.Release|Any CPU.Build.0 = Release|Any CPU
		{F64055E3-4CCF-491E-A6BF-AD4BD03EC7EE}.Debug|Any CPU.ActiveCfg = Debug|Any CPU
		{F64055E3-4CCF-491E-A6BF-AD4BD03EC7EE}.Debug|Any CPU.Build.0 = Debug|Any CPU
		{F64055E3-4CCF-491E-A6BF-AD4BD03EC7EE}.Release|Any CPU.ActiveCfg = Release|Any CPU
		{F64055E3-4CCF-491E-A6BF-AD4BD03EC7EE}.Release|Any CPU.Build.0 = Release|Any CPU
		{94CA9122-E7BD-4B19-8D78-C1D088E6AA8A}.Debug|Any CPU.ActiveCfg = Debug|Any CPU
		{94CA9122-E7BD-4B19-8D78-C1D088E6AA8A}.Debug|Any CPU.Build.0 = Debug|Any CPU
		{94CA9122-E7BD-4B19-8D78-C1D088E6AA8A}.Release|Any CPU.ActiveCfg = Release|Any CPU
		{94CA9122-E7BD-4B19-8D78-C1D088E6AA8A}.Release|Any CPU.Build.0 = Release|Any CPU
		{16ED7B47-6937-4CBA-AFF3-7A1637EB7C7C}.Debug|Any CPU.ActiveCfg = Debug|Any CPU
		{16ED7B47-6937-4CBA-AFF3-7A1637EB7C7C}.Debug|Any CPU.Build.0 = Debug|Any CPU
		{16ED7B47-6937-4CBA-AFF3-7A1637EB7C7C}.Release|Any CPU.ActiveCfg = Release|Any CPU
		{16ED7B47-6937-4CBA-AFF3-7A1637EB7C7C}.Release|Any CPU.Build.0 = Release|Any CPU
		{1ADB3400-0F23-4ED8-91A3-327B6EC2554D}.Debug|Any CPU.ActiveCfg = Debug|Any CPU
		{1ADB3400-0F23-4ED8-91A3-327B6EC2554D}.Debug|Any CPU.Build.0 = Debug|Any CPU
		{1ADB3400-0F23-4ED8-91A3-327B6EC2554D}.Release|Any CPU.ActiveCfg = Release|Any CPU
		{1ADB3400-0F23-4ED8-91A3-327B6EC2554D}.Release|Any CPU.Build.0 = Release|Any CPU
		{A6AC5A9E-0495-4595-BB28-B20E803B4A80}.Debug|Any CPU.ActiveCfg = Debug|Any CPU
		{A6AC5A9E-0495-4595-BB28-B20E803B4A80}.Debug|Any CPU.Build.0 = Debug|Any CPU
		{A6AC5A9E-0495-4595-BB28-B20E803B4A80}.Release|Any CPU.ActiveCfg = Release|Any CPU
		{A6AC5A9E-0495-4595-BB28-B20E803B4A80}.Release|Any CPU.Build.0 = Release|Any CPU
		{0B292FC0-227F-4719-B747-AE301C41E081}.Debug|Any CPU.ActiveCfg = Debug|Any CPU
		{0B292FC0-227F-4719-B747-AE301C41E081}.Debug|Any CPU.Build.0 = Debug|Any CPU
		{0B292FC0-227F-4719-B747-AE301C41E081}.Release|Any CPU.ActiveCfg = Release|Any CPU
		{0B292FC0-227F-4719-B747-AE301C41E081}.Release|Any CPU.Build.0 = Release|Any CPU
		{4348A0D2-F715-4B41-8E28-E49C920D7AE4}.Debug|Any CPU.ActiveCfg = Debug|Any CPU
		{4348A0D2-F715-4B41-8E28-E49C920D7AE4}.Debug|Any CPU.Build.0 = Debug|Any CPU
		{4348A0D2-F715-4B41-8E28-E49C920D7AE4}.Release|Any CPU.ActiveCfg = Release|Any CPU
		{4348A0D2-F715-4B41-8E28-E49C920D7AE4}.Release|Any CPU.Build.0 = Release|Any CPU
		{F475B074-7234-4BF8-8871-34ADDEE86826}.Debug|Any CPU.ActiveCfg = Debug|Any CPU
		{F475B074-7234-4BF8-8871-34ADDEE86826}.Debug|Any CPU.Build.0 = Debug|Any CPU
		{F475B074-7234-4BF8-8871-34ADDEE86826}.Release|Any CPU.ActiveCfg = Release|Any CPU
		{F475B074-7234-4BF8-8871-34ADDEE86826}.Release|Any CPU.Build.0 = Release|Any CPU
		{C0ADE236-D726-4603-B261-0FC06863A11A}.Debug|Any CPU.ActiveCfg = Debug|Any CPU
		{C0ADE236-D726-4603-B261-0FC06863A11A}.Debug|Any CPU.Build.0 = Debug|Any CPU
		{C0ADE236-D726-4603-B261-0FC06863A11A}.Release|Any CPU.ActiveCfg = Release|Any CPU
		{C0ADE236-D726-4603-B261-0FC06863A11A}.Release|Any CPU.Build.0 = Release|Any CPU
	EndGlobalSection
	GlobalSection(SolutionProperties) = preSolution
		HideSolutionNode = FALSE
	EndGlobalSection
	GlobalSection(ExtensibilityGlobals) = postSolution
		SolutionGuid = {D24060E1-D41C-4A78-9AF6-5B2E63D28FF3}
	EndGlobalSection
EndGlobal
